
Microsoft Visual Studio Solution File, Format Version 12.00
# Visual Studio 14
VisualStudioVersion = 14.0.25123.0
MinimumVisualStudioVersion = 10.0.40219.1
Project("{FAE04EC0-301F-11D3-BF4B-00C04F79EFBC}") = "NativeSorterSummary.Droid", "NativeSorterSummary\NativeSorterSummary.Droid\NativeSorterSummary.Droid.csproj", "{178B00A2-5675-4A69-B18D-2C64C62FB77B}"
EndProject
Project("{FAE04EC0-301F-11D3-BF4B-00C04F79EFBC}") = "NativeSorterSummary.iOS", "NativeSorterSummary\NativeSorterSummary.iOS\NativeSorterSummary.iOS.csproj", "{0B99E989-A6B0-4789-97EC-739C4694F520}"
EndProject
Project("{FAE04EC0-301F-11D3-BF4B-00C04F79EFBC}") = "NativeSorterSummary.UWP", "NativeSorterSummary\NativeSorterSummary.UWP\NativeSorterSummary.UWP.csproj", "{E5228ECA-6FFF-41C0-AFD7-75E42659D5DB}"
EndProject
Project("{FAE04EC0-301F-11D3-BF4B-00C04F79EFBC}") = "NativeSorterSummary", "NativeSorterSummary\NativeSorterSummary\NativeSorterSummary.csproj", "{EEBFC15E-E0EC-449B-B582-B7608CDB079C}"
EndProject
Global
	GlobalSection(SolutionConfigurationPlatforms) = preSolution
		Ad-Hoc|Any CPU = Ad-Hoc|Any CPU
		Ad-Hoc|ARM = Ad-Hoc|ARM
		Ad-Hoc|iPhone = Ad-Hoc|iPhone
		Ad-Hoc|iPhoneSimulator = Ad-Hoc|iPhoneSimulator
		Ad-Hoc|x64 = Ad-Hoc|x64
		Ad-Hoc|x86 = Ad-Hoc|x86
		AppStore|Any CPU = AppStore|Any CPU
		AppStore|ARM = AppStore|ARM
		AppStore|iPhone = AppStore|iPhone
		AppStore|iPhoneSimulator = AppStore|iPhoneSimulator
		AppStore|x64 = AppStore|x64
		AppStore|x86 = AppStore|x86
		Debug|Any CPU = Debug|Any CPU
		Debug|ARM = Debug|ARM
		Debug|iPhone = Debug|iPhone
		Debug|iPhoneSimulator = Debug|iPhoneSimulator
		Debug|x64 = Debug|x64
		Debug|x86 = Debug|x86
		Release|Any CPU = Release|Any CPU
		Release|ARM = Release|ARM
		Release|iPhone = Release|iPhone
		Release|iPhoneSimulator = Release|iPhoneSimulator
		Release|x64 = Release|x64
		Release|x86 = Release|x86
	EndGlobalSection
	GlobalSection(ProjectConfigurationPlatforms) = postSolution
		{178B00A2-5675-4A69-B18D-2C64C62FB77B}.Ad-Hoc|Any CPU.ActiveCfg = Release|Any CPU
		{178B00A2-5675-4A69-B18D-2C64C62FB77B}.Ad-Hoc|Any CPU.Build.0 = Release|Any CPU
		{178B00A2-5675-4A69-B18D-2C64C62FB77B}.Ad-Hoc|Any CPU.Deploy.0 = Release|Any CPU
		{178B00A2-5675-4A69-B18D-2C64C62FB77B}.Ad-Hoc|ARM.ActiveCfg = Release|Any CPU
		{178B00A2-5675-4A69-B18D-2C64C62FB77B}.Ad-Hoc|ARM.Build.0 = Release|Any CPU
		{178B00A2-5675-4A69-B18D-2C64C62FB77B}.Ad-Hoc|ARM.Deploy.0 = Release|Any CPU
		{178B00A2-5675-4A69-B18D-2C64C62FB77B}.Ad-Hoc|iPhone.ActiveCfg = Release|Any CPU
		{178B00A2-5675-4A69-B18D-2C64C62FB77B}.Ad-Hoc|iPhone.Build.0 = Release|Any CPU
		{178B00A2-5675-4A69-B18D-2C64C62FB77B}.Ad-Hoc|iPhone.Deploy.0 = Release|Any CPU
		{178B00A2-5675-4A69-B18D-2C64C62FB77B}.Ad-Hoc|iPhoneSimulator.ActiveCfg = Release|Any CPU
		{178B00A2-5675-4A69-B18D-2C64C62FB77B}.Ad-Hoc|iPhoneSimulator.Build.0 = Release|Any CPU
		{178B00A2-5675-4A69-B18D-2C64C62FB77B}.Ad-Hoc|iPhoneSimulator.Deploy.0 = Release|Any CPU
		{178B00A2-5675-4A69-B18D-2C64C62FB77B}.Ad-Hoc|x64.ActiveCfg = Release|Any CPU
		{178B00A2-5675-4A69-B18D-2C64C62FB77B}.Ad-Hoc|x64.Build.0 = Release|Any CPU
		{178B00A2-5675-4A69-B18D-2C64C62FB77B}.Ad-Hoc|x64.Deploy.0 = Release|Any CPU
		{178B00A2-5675-4A69-B18D-2C64C62FB77B}.Ad-Hoc|x86.ActiveCfg = Release|Any CPU
		{178B00A2-5675-4A69-B18D-2C64C62FB77B}.Ad-Hoc|x86.Build.0 = Release|Any CPU
		{178B00A2-5675-4A69-B18D-2C64C62FB77B}.Ad-Hoc|x86.Deploy.0 = Release|Any CPU
		{178B00A2-5675-4A69-B18D-2C64C62FB77B}.AppStore|Any CPU.ActiveCfg = Release|Any CPU
		{178B00A2-5675-4A69-B18D-2C64C62FB77B}.AppStore|Any CPU.Build.0 = Release|Any CPU
		{178B00A2-5675-4A69-B18D-2C64C62FB77B}.AppStore|Any CPU.Deploy.0 = Release|Any CPU
		{178B00A2-5675-4A69-B18D-2C64C62FB77B}.AppStore|ARM.ActiveCfg = Release|Any CPU
		{178B00A2-5675-4A69-B18D-2C64C62FB77B}.AppStore|ARM.Build.0 = Release|Any CPU
		{178B00A2-5675-4A69-B18D-2C64C62FB77B}.AppStore|ARM.Deploy.0 = Release|Any CPU
		{178B00A2-5675-4A69-B18D-2C64C62FB77B}.AppStore|iPhone.ActiveCfg = Release|Any CPU
		{178B00A2-5675-4A69-B18D-2C64C62FB77B}.AppStore|iPhone.Build.0 = Release|Any CPU
		{178B00A2-5675-4A69-B18D-2C64C62FB77B}.AppStore|iPhone.Deploy.0 = Release|Any CPU
		{178B00A2-5675-4A69-B18D-2C64C62FB77B}.AppStore|iPhoneSimulator.ActiveCfg = Release|Any CPU
		{178B00A2-5675-4A69-B18D-2C64C62FB77B}.AppStore|iPhoneSimulator.Build.0 = Release|Any CPU
		{178B00A2-5675-4A69-B18D-2C64C62FB77B}.AppStore|iPhoneSimulator.Deploy.0 = Release|Any CPU
		{178B00A2-5675-4A69-B18D-2C64C62FB77B}.AppStore|x64.ActiveCfg = Release|Any CPU
		{178B00A2-5675-4A69-B18D-2C64C62FB77B}.AppStore|x64.Build.0 = Release|Any CPU
		{178B00A2-5675-4A69-B18D-2C64C62FB77B}.AppStore|x64.Deploy.0 = Release|Any CPU
		{178B00A2-5675-4A69-B18D-2C64C62FB77B}.AppStore|x86.ActiveCfg = Release|Any CPU
		{178B00A2-5675-4A69-B18D-2C64C62FB77B}.AppStore|x86.Build.0 = Release|Any CPU
		{178B00A2-5675-4A69-B18D-2C64C62FB77B}.AppStore|x86.Deploy.0 = Release|Any CPU
		{178B00A2-5675-4A69-B18D-2C64C62FB77B}.Debug|Any CPU.ActiveCfg = Debug|Any CPU
		{178B00A2-5675-4A69-B18D-2C64C62FB77B}.Debug|Any CPU.Build.0 = Debug|Any CPU
		{178B00A2-5675-4A69-B18D-2C64C62FB77B}.Debug|Any CPU.Deploy.0 = Debug|Any CPU
		{178B00A2-5675-4A69-B18D-2C64C62FB77B}.Debug|ARM.ActiveCfg = Debug|Any CPU
		{178B00A2-5675-4A69-B18D-2C64C62FB77B}.Debug|ARM.Build.0 = Debug|Any CPU
		{178B00A2-5675-4A69-B18D-2C64C62FB77B}.Debug|ARM.Deploy.0 = Debug|Any CPU
		{178B00A2-5675-4A69-B18D-2C64C62FB77B}.Debug|iPhone.ActiveCfg = Debug|Any CPU
		{178B00A2-5675-4A69-B18D-2C64C62FB77B}.Debug|iPhone.Build.0 = Debug|Any CPU
		{178B00A2-5675-4A69-B18D-2C64C62FB77B}.Debug|iPhone.Deploy.0 = Debug|Any CPU
		{178B00A2-5675-4A69-B18D-2C64C62FB77B}.Debug|iPhoneSimulator.ActiveCfg = Debug|Any CPU
		{178B00A2-5675-4A69-B18D-2C64C62FB77B}.Debug|iPhoneSimulator.Build.0 = Debug|Any CPU
		{178B00A2-5675-4A69-B18D-2C64C62FB77B}.Debug|iPhoneSimulator.Deploy.0 = Debug|Any CPU
		{178B00A2-5675-4A69-B18D-2C64C62FB77B}.Debug|x64.ActiveCfg = Debug|Any CPU
		{178B00A2-5675-4A69-B18D-2C64C62FB77B}.Debug|x64.Build.0 = Debug|Any CPU
		{178B00A2-5675-4A69-B18D-2C64C62FB77B}.Debug|x64.Deploy.0 = Debug|Any CPU
		{178B00A2-5675-4A69-B18D-2C64C62FB77B}.Debug|x86.ActiveCfg = Debug|Any CPU
		{178B00A2-5675-4A69-B18D-2C64C62FB77B}.Debug|x86.Build.0 = Debug|Any CPU
		{178B00A2-5675-4A69-B18D-2C64C62FB77B}.Debug|x86.Deploy.0 = Debug|Any CPU
		{178B00A2-5675-4A69-B18D-2C64C62FB77B}.Release|Any CPU.ActiveCfg = Release|Any CPU
		{178B00A2-5675-4A69-B18D-2C64C62FB77B}.Release|Any CPU.Build.0 = Release|Any CPU
		{178B00A2-5675-4A69-B18D-2C64C62FB77B}.Release|Any CPU.Deploy.0 = Release|Any CPU
		{178B00A2-5675-4A69-B18D-2C64C62FB77B}.Release|ARM.ActiveCfg = Release|Any CPU
		{178B00A2-5675-4A69-B18D-2C64C62FB77B}.Release|ARM.Build.0 = Release|Any CPU
		{178B00A2-5675-4A69-B18D-2C64C62FB77B}.Release|ARM.Deploy.0 = Release|Any CPU
		{178B00A2-5675-4A69-B18D-2C64C62FB77B}.Release|iPhone.ActiveCfg = Release|Any CPU
		{178B00A2-5675-4A69-B18D-2C64C62FB77B}.Release|iPhone.Build.0 = Release|Any CPU
		{178B00A2-5675-4A69-B18D-2C64C62FB77B}.Release|iPhone.Deploy.0 = Release|Any CPU
		{178B00A2-5675-4A69-B18D-2C64C62FB77B}.Release|iPhoneSimulator.ActiveCfg = Release|Any CPU
		{178B00A2-5675-4A69-B18D-2C64C62FB77B}.Release|iPhoneSimulator.Build.0 = Release|Any CPU
		{178B00A2-5675-4A69-B18D-2C64C62FB77B}.Release|iPhoneSimulator.Deploy.0 = Release|Any CPU
		{178B00A2-5675-4A69-B18D-2C64C62FB77B}.Release|x64.ActiveCfg = Release|Any CPU
		{178B00A2-5675-4A69-B18D-2C64C62FB77B}.Release|x64.Build.0 = Release|Any CPU
		{178B00A2-5675-4A69-B18D-2C64C62FB77B}.Release|x64.Deploy.0 = Release|Any CPU
		{178B00A2-5675-4A69-B18D-2C64C62FB77B}.Release|x86.ActiveCfg = Release|Any CPU
		{178B00A2-5675-4A69-B18D-2C64C62FB77B}.Release|x86.Build.0 = Release|Any CPU
		{178B00A2-5675-4A69-B18D-2C64C62FB77B}.Release|x86.Deploy.0 = Release|Any CPU
		{0B99E989-A6B0-4789-97EC-739C4694F520}.Ad-Hoc|Any CPU.ActiveCfg = Ad-Hoc|iPhone
		{0B99E989-A6B0-4789-97EC-739C4694F520}.Ad-Hoc|ARM.ActiveCfg = Ad-Hoc|iPhone
		{0B99E989-A6B0-4789-97EC-739C4694F520}.Ad-Hoc|iPhone.ActiveCfg = Ad-Hoc|iPhone
		{0B99E989-A6B0-4789-97EC-739C4694F520}.Ad-Hoc|iPhone.Build.0 = Ad-Hoc|iPhone
		{0B99E989-A6B0-4789-97EC-739C4694F520}.Ad-Hoc|iPhoneSimulator.ActiveCfg = Ad-Hoc|iPhoneSimulator
		{0B99E989-A6B0-4789-97EC-739C4694F520}.Ad-Hoc|iPhoneSimulator.Build.0 = Ad-Hoc|iPhoneSimulator
		{0B99E989-A6B0-4789-97EC-739C4694F520}.Ad-Hoc|x64.ActiveCfg = Ad-Hoc|iPhone
		{0B99E989-A6B0-4789-97EC-739C4694F520}.Ad-Hoc|x86.ActiveCfg = Ad-Hoc|iPhone
		{0B99E989-A6B0-4789-97EC-739C4694F520}.AppStore|Any CPU.ActiveCfg = AppStore|iPhone
		{0B99E989-A6B0-4789-97EC-739C4694F520}.AppStore|ARM.ActiveCfg = AppStore|iPhone
		{0B99E989-A6B0-4789-97EC-739C4694F520}.AppStore|iPhone.ActiveCfg = AppStore|iPhone
		{0B99E989-A6B0-4789-97EC-739C4694F520}.AppStore|iPhone.Build.0 = AppStore|iPhone
		{0B99E989-A6B0-4789-97EC-739C4694F520}.AppStore|iPhoneSimulator.ActiveCfg = AppStore|iPhoneSimulator
		{0B99E989-A6B0-4789-97EC-739C4694F520}.AppStore|iPhoneSimulator.Build.0 = AppStore|iPhoneSimulator
		{0B99E989-A6B0-4789-97EC-739C4694F520}.AppStore|x64.ActiveCfg = AppStore|iPhone
		{0B99E989-A6B0-4789-97EC-739C4694F520}.AppStore|x86.ActiveCfg = AppStore|iPhone
		{0B99E989-A6B0-4789-97EC-739C4694F520}.Debug|Any CPU.ActiveCfg = Debug|iPhone
		{0B99E989-A6B0-4789-97EC-739C4694F520}.Debug|ARM.ActiveCfg = Debug|iPhone
		{0B99E989-A6B0-4789-97EC-739C4694F520}.Debug|iPhone.ActiveCfg = Debug|iPhone
		{0B99E989-A6B0-4789-97EC-739C4694F520}.Debug|iPhone.Build.0 = Debug|iPhone
		{0B99E989-A6B0-4789-97EC-739C4694F520}.Debug|iPhoneSimulator.ActiveCfg = Debug|iPhoneSimulator
		{0B99E989-A6B0-4789-97EC-739C4694F520}.Debug|iPhoneSimulator.Build.0 = Debug|iPhoneSimulator
		{0B99E989-A6B0-4789-97EC-739C4694F520}.Debug|x64.ActiveCfg = Debug|iPhone
		{0B99E989-A6B0-4789-97EC-739C4694F520}.Debug|x86.ActiveCfg = Debug|iPhone
		{0B99E989-A6B0-4789-97EC-739C4694F520}.Release|Any CPU.ActiveCfg = Release|iPhone
		{0B99E989-A6B0-4789-97EC-739C4694F520}.Release|ARM.ActiveCfg = Release|iPhone
		{0B99E989-A6B0-4789-97EC-739C4694F520}.Release|iPhone.ActiveCfg = Release|iPhone
		{0B99E989-A6B0-4789-97EC-739C4694F520}.Release|iPhone.Build.0 = Release|iPhone
		{0B99E989-A6B0-4789-97EC-739C4694F520}.Release|iPhoneSimulator.ActiveCfg = Release|iPhoneSimulator
		{0B99E989-A6B0-4789-97EC-739C4694F520}.Release|iPhoneSimulator.Build.0 = Release|iPhoneSimulator
		{0B99E989-A6B0-4789-97EC-739C4694F520}.Release|x64.ActiveCfg = Release|iPhone
		{0B99E989-A6B0-4789-97EC-739C4694F520}.Release|x86.ActiveCfg = Release|iPhone
		{E5228ECA-6FFF-41C0-AFD7-75E42659D5DB}.Ad-Hoc|Any CPU.ActiveCfg = Release|x86
		{E5228ECA-6FFF-41C0-AFD7-75E42659D5DB}.Ad-Hoc|Any CPU.Build.0 = Release|x86
		{E5228ECA-6FFF-41C0-AFD7-75E42659D5DB}.Ad-Hoc|Any CPU.Deploy.0 = Release|x86
		{E5228ECA-6FFF-41C0-AFD7-75E42659D5DB}.Ad-Hoc|ARM.ActiveCfg = Release|ARM
		{E5228ECA-6FFF-41C0-AFD7-75E42659D5DB}.Ad-Hoc|ARM.Build.0 = Release|ARM
		{E5228ECA-6FFF-41C0-AFD7-75E42659D5DB}.Ad-Hoc|ARM.Deploy.0 = Release|ARM
		{E5228ECA-6FFF-41C0-AFD7-75E42659D5DB}.Ad-Hoc|iPhone.ActiveCfg = Release|x86
		{E5228ECA-6FFF-41C0-AFD7-75E42659D5DB}.Ad-Hoc|iPhone.Build.0 = Release|x86
		{E5228ECA-6FFF-41C0-AFD7-75E42659D5DB}.Ad-Hoc|iPhone.Deploy.0 = Release|x86
		{E5228ECA-6FFF-41C0-AFD7-75E42659D5DB}.Ad-Hoc|iPhoneSimulator.ActiveCfg = Release|x86
		{E5228ECA-6FFF-41C0-AFD7-75E42659D5DB}.Ad-Hoc|iPhoneSimulator.Build.0 = Release|x86
		{E5228ECA-6FFF-41C0-AFD7-75E42659D5DB}.Ad-Hoc|iPhoneSimulator.Deploy.0 = Release|x86
		{E5228ECA-6FFF-41C0-AFD7-75E42659D5DB}.Ad-Hoc|x64.ActiveCfg = Release|x64
		{E5228ECA-6FFF-41C0-AFD7-75E42659D5DB}.Ad-Hoc|x64.Build.0 = Release|x64
		{E5228ECA-6FFF-41C0-AFD7-75E42659D5DB}.Ad-Hoc|x64.Deploy.0 = Release|x64
		{E5228ECA-6FFF-41C0-AFD7-75E42659D5DB}.Ad-Hoc|x86.ActiveCfg = Release|x86
		{E5228ECA-6FFF-41C0-AFD7-75E42659D5DB}.Ad-Hoc|x86.Build.0 = Release|x86
		{E5228ECA-6FFF-41C0-AFD7-75E42659D5DB}.Ad-Hoc|x86.Deploy.0 = Release|x86
		{E5228ECA-6FFF-41C0-AFD7-75E42659D5DB}.AppStore|Any CPU.ActiveCfg = Release|x86
		{E5228ECA-6FFF-41C0-AFD7-75E42659D5DB}.AppStore|Any CPU.Build.0 = Release|x86
		{E5228ECA-6FFF-41C0-AFD7-75E42659D5DB}.AppStore|Any CPU.Deploy.0 = Release|x86
		{E5228ECA-6FFF-41C0-AFD7-75E42659D5DB}.AppStore|ARM.ActiveCfg = Release|ARM
		{E5228ECA-6FFF-41C0-AFD7-75E42659D5DB}.AppStore|ARM.Build.0 = Release|ARM
		{E5228ECA-6FFF-41C0-AFD7-75E42659D5DB}.AppStore|ARM.Deploy.0 = Release|ARM
		{E5228ECA-6FFF-41C0-AFD7-75E42659D5DB}.AppStore|iPhone.ActiveCfg = Release|x86
		{E5228ECA-6FFF-41C0-AFD7-75E42659D5DB}.AppStore|iPhone.Build.0 = Release|x86
		{E5228ECA-6FFF-41C0-AFD7-75E42659D5DB}.AppStore|iPhone.Deploy.0 = Release|x86
		{E5228ECA-6FFF-41C0-AFD7-75E42659D5DB}.AppStore|iPhoneSimulator.ActiveCfg = Release|x86
		{E5228ECA-6FFF-41C0-AFD7-75E42659D5DB}.AppStore|iPhoneSimulator.Build.0 = Release|x86
		{E5228ECA-6FFF-41C0-AFD7-75E42659D5DB}.AppStore|iPhoneSimulator.Deploy.0 = Release|x86
		{E5228ECA-6FFF-41C0-AFD7-75E42659D5DB}.AppStore|x64.ActiveCfg = Release|x64
		{E5228ECA-6FFF-41C0-AFD7-75E42659D5DB}.AppStore|x64.Build.0 = Release|x64
		{E5228ECA-6FFF-41C0-AFD7-75E42659D5DB}.AppStore|x64.Deploy.0 = Release|x64
		{E5228ECA-6FFF-41C0-AFD7-75E42659D5DB}.AppStore|x86.ActiveCfg = Release|x86
		{E5228ECA-6FFF-41C0-AFD7-75E42659D5DB}.AppStore|x86.Build.0 = Release|x86
		{E5228ECA-6FFF-41C0-AFD7-75E42659D5DB}.AppStore|x86.Deploy.0 = Release|x86
		{E5228ECA-6FFF-41C0-AFD7-75E42659D5DB}.Debug|Any CPU.ActiveCfg = Debug|x86
		{E5228ECA-6FFF-41C0-AFD7-75E42659D5DB}.Debug|ARM.ActiveCfg = Debug|ARM
		{E5228ECA-6FFF-41C0-AFD7-75E42659D5DB}.Debug|ARM.Build.0 = Debug|ARM
		{E5228ECA-6FFF-41C0-AFD7-75E42659D5DB}.Debug|ARM.Deploy.0 = Debug|ARM
		{E5228ECA-6FFF-41C0-AFD7-75E42659D5DB}.Debug|iPhone.ActiveCfg = Debug|x86
		{E5228ECA-6FFF-41C0-AFD7-75E42659D5DB}.Debug|iPhoneSimulator.ActiveCfg = Debug|x86
		{E5228ECA-6FFF-41C0-AFD7-75E42659D5DB}.Debug|x64.ActiveCfg = Debug|x64
		{E5228ECA-6FFF-41C0-AFD7-75E42659D5DB}.Debug|x64.Build.0 = Debug|x64
		{E5228ECA-6FFF-41C0-AFD7-75E42659D5DB}.Debug|x64.Deploy.0 = Debug|x64
		{E5228ECA-6FFF-41C0-AFD7-75E42659D5DB}.Debug|x86.ActiveCfg = Debug|x86
		{E5228ECA-6FFF-41C0-AFD7-75E42659D5DB}.Debug|x86.Build.0 = Debug|x86
		{E5228ECA-6FFF-41C0-AFD7-75E42659D5DB}.Debug|x86.Deploy.0 = Debug|x86
		{E5228ECA-6FFF-41C0-AFD7-75E42659D5DB}.Release|Any CPU.ActiveCfg = Release|x86
		{E5228ECA-6FFF-41C0-AFD7-75E42659D5DB}.Release|ARM.ActiveCfg = Release|ARM
		{E5228ECA-6FFF-41C0-AFD7-75E42659D5DB}.Release|ARM.Build.0 = Release|ARM
		{E5228ECA-6FFF-41C0-AFD7-75E42659D5DB}.Release|ARM.Deploy.0 = Release|ARM
		{E5228ECA-6FFF-41C0-AFD7-75E42659D5DB}.Release|iPhone.ActiveCfg = Release|x86
		{E5228ECA-6FFF-41C0-AFD7-75E42659D5DB}.Release|iPhoneSimulator.ActiveCfg = Release|x86
		{E5228ECA-6FFF-41C0-AFD7-75E42659D5DB}.Release|x64.ActiveCfg = Release|x64
		{E5228ECA-6FFF-41C0-AFD7-75E42659D5DB}.Release|x64.Build.0 = Release|x64
		{E5228ECA-6FFF-41C0-AFD7-75E42659D5DB}.Release|x64.Deploy.0 = Release|x64
		{E5228ECA-6FFF-41C0-AFD7-75E42659D5DB}.Release|x86.ActiveCfg = Release|x86
		{E5228ECA-6FFF-41C0-AFD7-75E42659D5DB}.Release|x86.Build.0 = Release|x86
		{E5228ECA-6FFF-41C0-AFD7-75E42659D5DB}.Release|x86.Deploy.0 = Release|x86
		{EEBFC15E-E0EC-449B-B582-B7608CDB079C}.Ad-Hoc|Any CPU.ActiveCfg = Release|Any CPU
		{EEBFC15E-E0EC-449B-B582-B7608CDB079C}.Ad-Hoc|Any CPU.Build.0 = Release|Any CPU
		{EEBFC15E-E0EC-449B-B582-B7608CDB079C}.Ad-Hoc|ARM.ActiveCfg = Release|Any CPU
		{EEBFC15E-E0EC-449B-B582-B7608CDB079C}.Ad-Hoc|ARM.Build.0 = Release|Any CPU
		{EEBFC15E-E0EC-449B-B582-B7608CDB079C}.Ad-Hoc|iPhone.ActiveCfg = Release|Any CPU
		{EEBFC15E-E0EC-449B-B582-B7608CDB079C}.Ad-Hoc|iPhone.Build.0 = Release|Any CPU
		{EEBFC15E-E0EC-449B-B582-B7608CDB079C}.Ad-Hoc|iPhoneSimulator.ActiveCfg = Release|Any CPU
		{EEBFC15E-E0EC-449B-B582-B7608CDB079C}.Ad-Hoc|iPhoneSimulator.Build.0 = Release|Any CPU
		{EEBFC15E-E0EC-449B-B582-B7608CDB079C}.Ad-Hoc|x64.ActiveCfg = Release|Any CPU
		{EEBFC15E-E0EC-449B-B582-B7608CDB079C}.Ad-Hoc|x64.Build.0 = Release|Any CPU
		{EEBFC15E-E0EC-449B-B582-B7608CDB079C}.Ad-Hoc|x86.ActiveCfg = Release|Any CPU
		{EEBFC15E-E0EC-449B-B582-B7608CDB079C}.Ad-Hoc|x86.Build.0 = Release|Any CPU
		{EEBFC15E-E0EC-449B-B582-B7608CDB079C}.AppStore|Any CPU.ActiveCfg = Release|Any CPU
		{EEBFC15E-E0EC-449B-B582-B7608CDB079C}.AppStore|Any CPU.Build.0 = Release|Any CPU
		{EEBFC15E-E0EC-449B-B582-B7608CDB079C}.AppStore|ARM.ActiveCfg = Release|Any CPU
		{EEBFC15E-E0EC-449B-B582-B7608CDB079C}.AppStore|ARM.Build.0 = Release|Any CPU
		{EEBFC15E-E0EC-449B-B582-B7608CDB079C}.AppStore|iPhone.ActiveCfg = Release|Any CPU
		{EEBFC15E-E0EC-449B-B582-B7608CDB079C}.AppStore|iPhone.Build.0 = Release|Any CPU
		{EEBFC15E-E0EC-449B-B582-B7608CDB079C}.AppStore|iPhoneSimulator.ActiveCfg = Release|Any CPU
		{EEBFC15E-E0EC-449B-B582-B7608CDB079C}.AppStore|iPhoneSimulator.Build.0 = Release|Any CPU
		{EEBFC15E-E0EC-449B-B582-B7608CDB079C}.AppStore|x64.ActiveCfg = Release|Any CPU
		{EEBFC15E-E0EC-449B-B582-B7608CDB079C}.AppStore|x64.Build.0 = Release|Any CPU
		{EEBFC15E-E0EC-449B-B582-B7608CDB079C}.AppStore|x86.ActiveCfg = Release|Any CPU
		{EEBFC15E-E0EC-449B-B582-B7608CDB079C}.AppStore|x86.Build.0 = Release|Any CPU
		{EEBFC15E-E0EC-449B-B582-B7608CDB079C}.Debug|Any CPU.ActiveCfg = Debug|Any CPU
		{EEBFC15E-E0EC-449B-B582-B7608CDB079C}.Debug|Any CPU.Build.0 = Debug|Any CPU
		{EEBFC15E-E0EC-449B-B582-B7608CDB079C}.Debug|ARM.ActiveCfg = Debug|Any CPU
		{EEBFC15E-E0EC-449B-B582-B7608CDB079C}.Debug|ARM.Build.0 = Debug|Any CPU
		{EEBFC15E-E0EC-449B-B582-B7608CDB079C}.Debug|iPhone.ActiveCfg = Debug|Any CPU
		{EEBFC15E-E0EC-449B-B582-B7608CDB079C}.Debug|iPhone.Build.0 = Debug|Any CPU
		{EEBFC15E-E0EC-449B-B582-B7608CDB079C}.Debug|iPhoneSimulator.ActiveCfg = Debug|Any CPU
		{EEBFC15E-E0EC-449B-B582-B7608CDB079C}.Debug|iPhoneSimulator.Build.0 = Debug|Any CPU
		{EEBFC15E-E0EC-449B-B582-B7608CDB079C}.Debug|x64.ActiveCfg = Debug|Any CPU
		{EEBFC15E-E0EC-449B-B582-B7608CDB079C}.Debug|x64.Build.0 = Debug|Any CPU
		{EEBFC15E-E0EC-449B-B582-B7608CDB079C}.Debug|x86.ActiveCfg = Debug|Any CPU
		{EEBFC15E-E0EC-449B-B582-B7608CDB079C}.Debug|x86.Build.0 = Debug|Any CPU
		{EEBFC15E-E0EC-449B-B582-B7608CDB079C}.Release|Any CPU.ActiveCfg = Release|Any CPU
		{EEBFC15E-E0EC-449B-B582-B7608CDB079C}.Release|Any CPU.Build.0 = Release|Any CPU
		{EEBFC15E-E0EC-449B-B582-B7608CDB079C}.Release|ARM.ActiveCfg = Release|Any CPU
		{EEBFC15E-E0EC-449B-B582-B7608CDB079C}.Release|ARM.Build.0 = Release|Any CPU
		{EEBFC15E-E0EC-449B-B582-B7608CDB079C}.Release|iPhone.ActiveCfg = Release|Any CPU
		{EEBFC15E-E0EC-449B-B582-B7608CDB079C}.Release|iPhone.Build.0 = Release|Any CPU
		{EEBFC15E-E0EC-449B-B582-B7608CDB079C}.Release|iPhoneSimulator.ActiveCfg = Release|Any CPU
		{EEBFC15E-E0EC-449B-B582-B7608CDB079C}.Release|iPhoneSimulator.Build.0 = Release|Any CPU
		{EEBFC15E-E0EC-449B-B582-B7608CDB079C}.Release|x64.ActiveCfg = Release|Any CPU
		{EEBFC15E-E0EC-449B-B582-B7608CDB079C}.Release|x64.Build.0 = Release|Any CPU
		{EEBFC15E-E0EC-449B-B582-B7608CDB079C}.Release|x86.ActiveCfg = Release|Any CPU
		{EEBFC15E-E0EC-449B-B582-B7608CDB079C}.Release|x86.Build.0 = Release|Any CPU
	EndGlobalSection
	GlobalSection(SolutionProperties) = preSolution
		HideSolutionNode = FALSE
	EndGlobalSection
EndGlobal
